
Microsoft Visual Studio Solution File, Format Version 12.00
# Visual Studio Version 17
VisualStudioVersion = 17.11.35312.102
MinimumVisualStudioVersion = 10.0.40219.1
Project("{9A19103F-16F7-4668-BE54-9A1E7A4F7556}") = "1.SimpleRateLimiters", "1.SimpleRateLimiters\1.SimpleRateLimiters.csproj", "{B868023D-8632-4FD6-9CA9-E08033B6907A}"
EndProject
Project("{FAE04EC0-301F-11D3-BF4B-00C04F79EFBC}") = "2.RateLimiterSimpleService", "2.RateLimiterSimpleService\2.RateLimiterSimpleService.csproj", "{184668CE-C550-4163-81A7-AF212D91AAEB}"
EndProject
Global
	GlobalSection(SolutionConfigurationPlatforms) = preSolution
		Debug|Any CPU = Debug|Any CPU
		Release|Any CPU = Release|Any CPU
	EndGlobalSection
	GlobalSection(ProjectConfigurationPlatforms) = postSolution
		{B868023D-8632-4FD6-9CA9-E08033B6907A}.Debug|Any CPU.ActiveCfg = Debug|Any CPU
		{B868023D-8632-4FD6-9CA9-E08033B6907A}.Debug|Any CPU.Build.0 = Debug|Any CPU
		{B868023D-8632-4FD6-9CA9-E08033B6907A}.Release|Any CPU.ActiveCfg = Release|Any CPU
		{B868023D-8632-4FD6-9CA9-E08033B6907A}.Release|Any CPU.Build.0 = Release|Any CPU
		{184668CE-C550-4163-81A7-AF212D91AAEB}.Debug|Any CPU.ActiveCfg = Debug|Any CPU
		{184668CE-C550-4163-81A7-AF212D91AAEB}.Debug|Any CPU.Build.0 = Debug|Any CPU
		{184668CE-C550-4163-81A7-AF212D91AAEB}.Release|Any CPU.ActiveCfg = Release|Any CPU
		{184668CE-C550-4163-81A7-AF212D91AAEB}.Release|Any CPU.Build.0 = Release|Any CPU
	EndGlobalSection
	GlobalSection(SolutionProperties) = preSolution
		HideSolutionNode = FALSE
	EndGlobalSection
	GlobalSection(ExtensibilityGlobals) = postSolution
		SolutionGuid = {AA95F173-BA62-4563-8862-F680BAC43626}
	EndGlobalSection
EndGlobal
