
Microsoft Visual Studio Solution File, Format Version 12.00
# Visual Studio Version 17
VisualStudioVersion = 17.0.31903.59
MinimumVisualStudioVersion = 10.0.40219.1
Project("{FAE04EC0-301F-11D3-BF4B-00C04F79EFBC}") = "Decorator.V1", "Decorator.V1\Decorator.V1.csproj", "{F7C85B0A-E5C7-48FE-A1CA-1A6F3E83DD5C}"
EndProject
Project("{FAE04EC0-301F-11D3-BF4B-00C04F79EFBC}") = "Decorator.V2", "Decorator.V2\Decorator.V2.csproj", "{2B584B9F-017F-4060-8832-BFD0013EBE5C}"
EndProject
Global
	GlobalSection(SolutionConfigurationPlatforms) = preSolution
		Debug|Any CPU = Debug|Any CPU
		Release|Any CPU = Release|Any CPU
	EndGlobalSection
	GlobalSection(SolutionProperties) = preSolution
		HideSolutionNode = FALSE
	EndGlobalSection
	GlobalSection(ProjectConfigurationPlatforms) = postSolution
		{F7C85B0A-E5C7-48FE-A1CA-1A6F3E83DD5C}.Debug|Any CPU.ActiveCfg = Debug|Any CPU
		{F7C85B0A-E5C7-48FE-A1CA-1A6F3E83DD5C}.Debug|Any CPU.Build.0 = Debug|Any CPU
		{F7C85B0A-E5C7-48FE-A1CA-1A6F3E83DD5C}.Release|Any CPU.ActiveCfg = Release|Any CPU
		{F7C85B0A-E5C7-48FE-A1CA-1A6F3E83DD5C}.Release|Any CPU.Build.0 = Release|Any CPU
		{2B584B9F-017F-4060-8832-BFD0013EBE5C}.Debug|Any CPU.ActiveCfg = Debug|Any CPU
		{2B584B9F-017F-4060-8832-BFD0013EBE5C}.Debug|Any CPU.Build.0 = Debug|Any CPU
		{2B584B9F-017F-4060-8832-BFD0013EBE5C}.Release|Any CPU.ActiveCfg = Release|Any CPU
		{2B584B9F-017F-4060-8832-BFD0013EBE5C}.Release|Any CPU.Build.0 = Release|Any CPU
	EndGlobalSection
EndGlobal
