
Microsoft Visual Studio Solution File, Format Version 12.00
# Visual Studio Version 17
VisualStudioVersion = 17.0.31903.59
MinimumVisualStudioVersion = 10.0.40219.1
Project("{2150E333-8FDC-42A3-9474-1A3956D46DE8}") = "V1", "V1", "{C3A9C9E8-8F80-48E0-A31E-C01C9AE0B85D}"
EndProject
Project("{FAE04EC0-301F-11D3-BF4B-00C04F79EFBC}") = "OnlineAuctionSystemV1", "V1\OnlineAuctionSystemV1\OnlineAuctionSystemV1.csproj", "{17356E9A-BB39-4ED5-90DB-B155F33F885F}"
EndProject
Project("{2150E333-8FDC-42A3-9474-1A3956D46DE8}") = "V2", "V2", "{97393740-786F-4165-9CC5-7D76C936F36D}"
EndProject
Project("{FAE04EC0-301F-11D3-BF4B-00C04F79EFBC}") = "OnlineAuctionSystemV2", "V2\OnlineAuctionSystemV2\OnlineAuctionSystemV2.csproj", "{84BDE311-2E6F-44FC-BE23-6FC86F421F1A}"
EndProject
Global
	GlobalSection(SolutionConfigurationPlatforms) = preSolution
		Debug|Any CPU = Debug|Any CPU
		Release|Any CPU = Release|Any CPU
	EndGlobalSection
	GlobalSection(SolutionProperties) = preSolution
		HideSolutionNode = FALSE
	EndGlobalSection
	GlobalSection(ProjectConfigurationPlatforms) = postSolution
		{17356E9A-BB39-4ED5-90DB-B155F33F885F}.Debug|Any CPU.ActiveCfg = Debug|Any CPU
		{17356E9A-BB39-4ED5-90DB-B155F33F885F}.Debug|Any CPU.Build.0 = Debug|Any CPU
		{17356E9A-BB39-4ED5-90DB-B155F33F885F}.Release|Any CPU.ActiveCfg = Release|Any CPU
		{17356E9A-BB39-4ED5-90DB-B155F33F885F}.Release|Any CPU.Build.0 = Release|Any CPU
		{84BDE311-2E6F-44FC-BE23-6FC86F421F1A}.Debug|Any CPU.ActiveCfg = Debug|Any CPU
		{84BDE311-2E6F-44FC-BE23-6FC86F421F1A}.Debug|Any CPU.Build.0 = Debug|Any CPU
		{84BDE311-2E6F-44FC-BE23-6FC86F421F1A}.Release|Any CPU.ActiveCfg = Release|Any CPU
		{84BDE311-2E6F-44FC-BE23-6FC86F421F1A}.Release|Any CPU.Build.0 = Release|Any CPU
	EndGlobalSection
	GlobalSection(NestedProjects) = preSolution
		{17356E9A-BB39-4ED5-90DB-B155F33F885F} = {C3A9C9E8-8F80-48E0-A31E-C01C9AE0B85D}
		{84BDE311-2E6F-44FC-BE23-6FC86F421F1A} = {97393740-786F-4165-9CC5-7D76C936F36D}
	EndGlobalSection
EndGlobal
