
Microsoft Visual Studio Solution File, Format Version 12.00
# Visual Studio Version 17
VisualStudioVersion = 17.11.35312.102
MinimumVisualStudioVersion = 10.0.40219.1
Project("{FAE04EC0-301F-11D3-BF4B-00C04F79EFBC}") = "1.SimplePubSub", "..\1.SimplePubSub\1.SimplePubSub.csproj", "{BC60FE84-FD7E-49A8-A2A9-8FBB1C59D14B}"
EndProject
Project("{FAE04EC0-301F-11D3-BF4B-00C04F79EFBC}") = "2.PubSubWithOffset", "..\2.PubSubWithOffset\2.PubSubWithOffset.csproj", "{667D0E41-75F2-4C11-A816-2BCEC07CEE40}"
EndProject
Project("{FAE04EC0-301F-11D3-BF4B-00C04F79EFBC}") = "3.PubSubWithOffsetAndSubscriberWorkerThreads", "..\3.PubSubWithOffsetAndSubscriberWorkerThreads\3.PubSubWithOffsetAndSubscriberWorkerThreads.csproj", "{BAD6FDF4-B9DB-4FD2-83DC-793A5C276B0D}"
EndProject
Project("{9A19103F-16F7-4668-BE54-9A1E7A4F7556}") = "4.PubSubWithOffsetAndSubscriberWorkerTasks", "..\4.PubSubWithOffsetAndSubscriberWorkerTasks\4.PubSubWithOffsetAndSubscriberWorkerTasks.csproj", "{D92D9C36-DC85-4EC9-AFD7-141A8EE162C3}"
EndProject
Project("{9A19103F-16F7-4668-BE54-9A1E7A4F7556}") = "5.PubSubWithDecoupledWorkerManager", "..\5.PubSubWithDecoupledWorkerManager\5.PubSubWithDecoupledWorkerManager.csproj", "{CE0EE0AC-B37F-4EE6-8103-E10FE5E93DBB}"
EndProject
Global
	GlobalSection(SolutionConfigurationPlatforms) = preSolution
		Debug|Any CPU = Debug|Any CPU
		Release|Any CPU = Release|Any CPU
	EndGlobalSection
	GlobalSection(ProjectConfigurationPlatforms) = postSolution
		{BC60FE84-FD7E-49A8-A2A9-8FBB1C59D14B}.Debug|Any CPU.ActiveCfg = Debug|Any CPU
		{BC60FE84-FD7E-49A8-A2A9-8FBB1C59D14B}.Debug|Any CPU.Build.0 = Debug|Any CPU
		{BC60FE84-FD7E-49A8-A2A9-8FBB1C59D14B}.Release|Any CPU.ActiveCfg = Release|Any CPU
		{BC60FE84-FD7E-49A8-A2A9-8FBB1C59D14B}.Release|Any CPU.Build.0 = Release|Any CPU
		{667D0E41-75F2-4C11-A816-2BCEC07CEE40}.Debug|Any CPU.ActiveCfg = Debug|Any CPU
		{667D0E41-75F2-4C11-A816-2BCEC07CEE40}.Debug|Any CPU.Build.0 = Debug|Any CPU
		{667D0E41-75F2-4C11-A816-2BCEC07CEE40}.Release|Any CPU.ActiveCfg = Release|Any CPU
		{667D0E41-75F2-4C11-A816-2BCEC07CEE40}.Release|Any CPU.Build.0 = Release|Any CPU
		{BAD6FDF4-B9DB-4FD2-83DC-793A5C276B0D}.Debug|Any CPU.ActiveCfg = Debug|Any CPU
		{BAD6FDF4-B9DB-4FD2-83DC-793A5C276B0D}.Debug|Any CPU.Build.0 = Debug|Any CPU
		{BAD6FDF4-B9DB-4FD2-83DC-793A5C276B0D}.Release|Any CPU.ActiveCfg = Release|Any CPU
		{BAD6FDF4-B9DB-4FD2-83DC-793A5C276B0D}.Release|Any CPU.Build.0 = Release|Any CPU
		{D92D9C36-DC85-4EC9-AFD7-141A8EE162C3}.Debug|Any CPU.ActiveCfg = Debug|Any CPU
		{D92D9C36-DC85-4EC9-AFD7-141A8EE162C3}.Debug|Any CPU.Build.0 = Debug|Any CPU
		{D92D9C36-DC85-4EC9-AFD7-141A8EE162C3}.Release|Any CPU.ActiveCfg = Release|Any CPU
		{D92D9C36-DC85-4EC9-AFD7-141A8EE162C3}.Release|Any CPU.Build.0 = Release|Any CPU
		{CE0EE0AC-B37F-4EE6-8103-E10FE5E93DBB}.Debug|Any CPU.ActiveCfg = Debug|Any CPU
		{CE0EE0AC-B37F-4EE6-8103-E10FE5E93DBB}.Debug|Any CPU.Build.0 = Debug|Any CPU
		{CE0EE0AC-B37F-4EE6-8103-E10FE5E93DBB}.Release|Any CPU.ActiveCfg = Release|Any CPU
		{CE0EE0AC-B37F-4EE6-8103-E10FE5E93DBB}.Release|Any CPU.Build.0 = Release|Any CPU
	EndGlobalSection
	GlobalSection(SolutionProperties) = preSolution
		HideSolutionNode = FALSE
	EndGlobalSection
	GlobalSection(ExtensibilityGlobals) = postSolution
		SolutionGuid = {143B4AD7-A85A-437C-A95E-E0D7D686BCCE}
	EndGlobalSection
EndGlobal
