
Microsoft Visual Studio Solution File, Format Version 12.00
# Visual Studio Version 17
VisualStudioVersion = 17.11.35312.102
MinimumVisualStudioVersion = 10.0.40219.1
Project("{9A19103F-16F7-4668-BE54-9A1E7A4F7556}") = "1.SimpleTaskSchedular", "1.SimpleTaskSchedular.csproj", "{6590AB39-FC3B-47FB-A361-375F83D54BC8}"
EndProject
Project("{9A19103F-16F7-4668-BE54-9A1E7A4F7556}") = "2.MultiThreadedTaskSchedular", "..\2.MultiThreadedTaskSchedular\2.MultiThreadedTaskSchedular.csproj", "{445FDB9D-3609-43A2-B28C-F85DA5D5394C}"
EndProject
Project("{2150E333-8FDC-42A3-9474-1A3956D46DE8}") = "Solution Items", "Solution Items", "{6D318E94-8EEC-41DA-AF75-61ACEE214E0A}"
	ProjectSection(SolutionItems) = preProject
		Variations.txt = Variations.txt
	EndProjectSection
EndProject
Project("{FAE04EC0-301F-11D3-BF4B-00C04F79EFBC}") = "3.MultiThreadedTaskSchedularWithRecurringTask", "..\3.MultiThreadedTaskSchedularWithRecurringTask\3.MultiThreadedTaskSchedularWithRecurringTask.csproj", "{31A95857-26B0-4465-BD7C-18343E5FBA60}"
EndProject
Global
	GlobalSection(SolutionConfigurationPlatforms) = preSolution
		Debug|Any CPU = Debug|Any CPU
		Release|Any CPU = Release|Any CPU
	EndGlobalSection
	GlobalSection(ProjectConfigurationPlatforms) = postSolution
		{6590AB39-FC3B-47FB-A361-375F83D54BC8}.Debug|Any CPU.ActiveCfg = Debug|Any CPU
		{6590AB39-FC3B-47FB-A361-375F83D54BC8}.Debug|Any CPU.Build.0 = Debug|Any CPU
		{6590AB39-FC3B-47FB-A361-375F83D54BC8}.Release|Any CPU.ActiveCfg = Release|Any CPU
		{6590AB39-FC3B-47FB-A361-375F83D54BC8}.Release|Any CPU.Build.0 = Release|Any CPU
		{445FDB9D-3609-43A2-B28C-F85DA5D5394C}.Debug|Any CPU.ActiveCfg = Debug|Any CPU
		{445FDB9D-3609-43A2-B28C-F85DA5D5394C}.Debug|Any CPU.Build.0 = Debug|Any CPU
		{445FDB9D-3609-43A2-B28C-F85DA5D5394C}.Release|Any CPU.ActiveCfg = Release|Any CPU
		{445FDB9D-3609-43A2-B28C-F85DA5D5394C}.Release|Any CPU.Build.0 = Release|Any CPU
		{31A95857-26B0-4465-BD7C-18343E5FBA60}.Debug|Any CPU.ActiveCfg = Debug|Any CPU
		{31A95857-26B0-4465-BD7C-18343E5FBA60}.Debug|Any CPU.Build.0 = Debug|Any CPU
		{31A95857-26B0-4465-BD7C-18343E5FBA60}.Release|Any CPU.ActiveCfg = Release|Any CPU
		{31A95857-26B0-4465-BD7C-18343E5FBA60}.Release|Any CPU.Build.0 = Release|Any CPU
	EndGlobalSection
	GlobalSection(SolutionProperties) = preSolution
		HideSolutionNode = FALSE
	EndGlobalSection
	GlobalSection(ExtensibilityGlobals) = postSolution
		SolutionGuid = {45B1C9A0-EC5E-444B-B760-FB3CEFD3E449}
	EndGlobalSection
EndGlobal
