
Microsoft Visual Studio Solution File, Format Version 12.00
# Visual Studio Version 17
VisualStudioVersion = 17.11.35312.102
MinimumVisualStudioVersion = 10.0.40219.1
Project("{2150E333-8FDC-42A3-9474-1A3956D46DE8}") = "V1", "V1", "{30219E12-F2E3-47BB-BB9F-3AFD79842C47}"
EndProject
Project("{FAE04EC0-301F-11D3-BF4B-00C04F79EFBC}") = "PubSub", "V1\PubSub\PubSub.csproj", "{220059A7-4C67-4C41-9395-6FAB451ADED9}"
EndProject
Project("{2150E333-8FDC-42A3-9474-1A3956D46DE8}") = "V2", "V2", "{6BF7464D-AE78-4AF4-B450-B6A509BE464B}"
EndProject
Project("{FAE04EC0-301F-11D3-BF4B-00C04F79EFBC}") = "PubSub", "V2\PubSub\PubSub.csproj", "{92FD5892-79C9-434F-8CEC-9B95570B33EC}"
EndProject
Project("{2150E333-8FDC-42A3-9474-1A3956D46DE8}") = "V3", "V3", "{A1B2C3D4-E5F6-7890-ABCD-EF1234567890}"
EndProject
Project("{FAE04EC0-301F-11D3-BF4B-00C04F79EFBC}") = "PubSub", "V3\PubSub\PubSub.csproj", "{B2C3D4E5-F6A7-8901-BCDE-F12345678901}"
EndProject
Global
	GlobalSection(SolutionConfigurationPlatforms) = preSolution
		Debug|Any CPU = Debug|Any CPU
		Release|Any CPU = Release|Any CPU
	EndGlobalSection
	GlobalSection(ProjectConfigurationPlatforms) = postSolution
		{220059A7-4C67-4C41-9395-6FAB451ADED9}.Debug|Any CPU.ActiveCfg = Debug|Any CPU
		{220059A7-4C67-4C41-9395-6FAB451ADED9}.Debug|Any CPU.Build.0 = Debug|Any CPU
		{220059A7-4C67-4C41-9395-6FAB451ADED9}.Release|Any CPU.ActiveCfg = Release|Any CPU
		{220059A7-4C67-4C41-9395-6FAB451ADED9}.Release|Any CPU.Build.0 = Release|Any CPU
		{92FD5892-79C9-434F-8CEC-9B95570B33EC}.Debug|Any CPU.ActiveCfg = Debug|Any CPU
		{92FD5892-79C9-434F-8CEC-9B95570B33EC}.Debug|Any CPU.Build.0 = Debug|Any CPU
		{92FD5892-79C9-434F-8CEC-9B95570B33EC}.Release|Any CPU.ActiveCfg = Release|Any CPU
		{92FD5892-79C9-434F-8CEC-9B95570B33EC}.Release|Any CPU.Build.0 = Release|Any CPU
		{B2C3D4E5-F6A7-8901-BCDE-F12345678901}.Debug|Any CPU.ActiveCfg = Debug|Any CPU
		{B2C3D4E5-F6A7-8901-BCDE-F12345678901}.Debug|Any CPU.Build.0 = Debug|Any CPU
		{B2C3D4E5-F6A7-8901-BCDE-F12345678901}.Release|Any CPU.ActiveCfg = Release|Any CPU
		{B2C3D4E5-F6A7-8901-BCDE-F12345678901}.Release|Any CPU.Build.0 = Release|Any CPU
	EndGlobalSection
	GlobalSection(SolutionProperties) = preSolution
		HideSolutionNode = FALSE
	EndGlobalSection
	GlobalSection(NestedProjects) = preSolution
		{220059A7-4C67-4C41-9395-6FAB451ADED9} = {30219E12-F2E3-47BB-BB9F-3AFD79842C47}
		{92FD5892-79C9-434F-8CEC-9B95570B33EC} = {6BF7464D-AE78-4AF4-B450-B6A509BE464B}
		{B2C3D4E5-F6A7-8901-BCDE-F12345678901} = {A1B2C3D4-E5F6-7890-ABCD-EF1234567890}
	EndGlobalSection
	GlobalSection(ExtensibilityGlobals) = postSolution
		SolutionGuid = {8C3ADACF-E5D5-4D4D-BA6C-0943CBDFD9DE}
	EndGlobalSection
EndGlobal
