
Microsoft Visual Studio Solution File, Format Version 12.00
# Visual Studio Version 17
VisualStudioVersion = 17.0.31903.59
MinimumVisualStudioVersion = 10.0.40219.1
Project("{FAE04EC0-301F-11D3-BF4B-00C04F79EFBC}") = "Factory.V1", "Factory.V1\Factory.V1.csproj", "{1E62D6D9-C83C-44BB-97E1-D2813BDE9BFF}"
EndProject
Project("{FAE04EC0-301F-11D3-BF4B-00C04F79EFBC}") = "Factory.V2", "Factory.V2\Factory.V2.csproj", "{66E832EF-C8AD-4511-BAD9-1C856FF1B586}"
EndProject
Global
	GlobalSection(SolutionConfigurationPlatforms) = preSolution
		Debug|Any CPU = Debug|Any CPU
		Release|Any CPU = Release|Any CPU
	EndGlobalSection
	GlobalSection(SolutionProperties) = preSolution
		HideSolutionNode = FALSE
	EndGlobalSection
	GlobalSection(ProjectConfigurationPlatforms) = postSolution
		{1E62D6D9-C83C-44BB-97E1-D2813BDE9BFF}.Debug|Any CPU.ActiveCfg = Debug|Any CPU
		{1E62D6D9-C83C-44BB-97E1-D2813BDE9BFF}.Debug|Any CPU.Build.0 = Debug|Any CPU
		{1E62D6D9-C83C-44BB-97E1-D2813BDE9BFF}.Release|Any CPU.ActiveCfg = Release|Any CPU
		{1E62D6D9-C83C-44BB-97E1-D2813BDE9BFF}.Release|Any CPU.Build.0 = Release|Any CPU
		{66E832EF-C8AD-4511-BAD9-1C856FF1B586}.Debug|Any CPU.ActiveCfg = Debug|Any CPU
		{66E832EF-C8AD-4511-BAD9-1C856FF1B586}.Debug|Any CPU.Build.0 = Debug|Any CPU
		{66E832EF-C8AD-4511-BAD9-1C856FF1B586}.Release|Any CPU.ActiveCfg = Release|Any CPU
		{66E832EF-C8AD-4511-BAD9-1C856FF1B586}.Release|Any CPU.Build.0 = Release|Any CPU
	EndGlobalSection
EndGlobal
