
Microsoft Visual Studio Solution File, Format Version 12.00
# Visual Studio Version 17
VisualStudioVersion = 17.14.36414.22
MinimumVisualStudioVersion = 10.0.40219.1
Project("{2150E333-8FDC-42A3-9474-1A3956D46DE8}") = "1. Creational Design Patterns", "1. Creational Design Patterns", "{02EA681E-C7D8-13C7-8484-4AC65E1B71E8}"
EndProject
Project("{2150E333-8FDC-42A3-9474-1A3956D46DE8}") = "2. Structural Design Patterns", "2. Structural Design Patterns", "{C6C6619C-70DB-4E71-A18E-913ADFAA5DEB}"
EndProject
Project("{2150E333-8FDC-42A3-9474-1A3956D46DE8}") = "3. Behavorial Design Patterns", "3. Behavorial Design Patterns", "{A0C83847-9A0C-44B5-BE8B-5A901F032387}"
EndProject
Project("{2150E333-8FDC-42A3-9474-1A3956D46DE8}") = "1. Singleton", "1. Singleton", "{C76FDA1C-8182-4A45-9260-8E68C3547A62}"
EndProject
Project("{2150E333-8FDC-42A3-9474-1A3956D46DE8}") = "2. Factory", "2. Factory", "{578721CE-D608-429E-B050-21AA6F530F9E}"
EndProject
Project("{2150E333-8FDC-42A3-9474-1A3956D46DE8}") = "3. Abstract Factory", "3. Abstract Factory", "{A5AF5783-3B6F-4CA3-B781-E41DBB3F5782}"
EndProject
Project("{2150E333-8FDC-42A3-9474-1A3956D46DE8}") = "4. Builder", "4. Builder", "{30FEAE9F-4DB0-4759-BBEE-D6863F9625AE}"
EndProject
Project("{2150E333-8FDC-42A3-9474-1A3956D46DE8}") = "5. Prototype", "5. Prototype", "{5DCBB33E-EF1C-4E25-9FB1-E0107213F99D}"
EndProject
Project("{FAE04EC0-301F-11D3-BF4B-00C04F79EFBC}") = "Singleton", "Singleton\Singleton.csproj", "{FDC859A6-C437-423D-9286-26E17DA01A68}"
EndProject
Project("{FAE04EC0-301F-11D3-BF4B-00C04F79EFBC}") = "Factory", "Factory\Factory.csproj", "{25B51C66-23A1-41B4-A040-65885E69DCB1}"
EndProject
Project("{2150E333-8FDC-42A3-9474-1A3956D46DE8}") = "1. Facade", "1. Facade", "{E8970C15-8FC5-4EBF-A6A2-F07694A7C7C3}"
EndProject
Project("{FAE04EC0-301F-11D3-BF4B-00C04F79EFBC}") = "Facade", "Facade\Facade.csproj", "{DA4BD967-49C2-4CED-9811-B5F2393929A2}"
EndProject
Project("{2150E333-8FDC-42A3-9474-1A3956D46DE8}") = "2. Proxy", "2. Proxy", "{B081C8F4-235F-4DC8-AA64-C60FDE6F9687}"
EndProject
Project("{FAE04EC0-301F-11D3-BF4B-00C04F79EFBC}") = "Proxy", "Proxy\Proxy.csproj", "{09FA1CAB-4D3B-40BD-90BF-EF52D4530ACD}"
EndProject
Project("{2150E333-8FDC-42A3-9474-1A3956D46DE8}") = "3. Adapter", "3. Adapter", "{D7E5B696-5CF7-4E70-9951-C5BC7AE5C3B2}"
EndProject
Project("{2150E333-8FDC-42A3-9474-1A3956D46DE8}") = "4. Decorator", "4. Decorator", "{8E22CC22-8852-46CB-B5FB-7635C859F7AC}"
EndProject
Project("{2150E333-8FDC-42A3-9474-1A3956D46DE8}") = "1. Chain Of Resposibility", "1. Chain Of Resposibility", "{053EF001-672F-4BD1-BED7-D220A74A73BF}"
EndProject
Project("{2150E333-8FDC-42A3-9474-1A3956D46DE8}") = "2. Command", "2. Command", "{DD50FA7F-CE0B-4D17-9B76-5F6358C01B24}"
EndProject
Project("{2150E333-8FDC-42A3-9474-1A3956D46DE8}") = "3. Iterator", "3. Iterator", "{E05CAC6D-F465-48B1-9954-EB6B6C09025A}"
EndProject
Project("{2150E333-8FDC-42A3-9474-1A3956D46DE8}") = "4. Strategy", "4. Strategy", "{86B5E1CE-1C66-4DD3-925C-FB4674F3D450}"
EndProject
Project("{2150E333-8FDC-42A3-9474-1A3956D46DE8}") = "5. Observer", "5. Observer", "{A029532E-2E82-4488-82E2-A429B7FEE702}"
EndProject
Project("{2150E333-8FDC-42A3-9474-1A3956D46DE8}") = "6. State", "6. State", "{0C0CFD26-B0E8-4F2B-B710-A7960CE17E1E}"
EndProject
Project("{2150E333-8FDC-42A3-9474-1A3956D46DE8}") = "7. Mediator", "7. Mediator", "{D95A1BD6-35FF-4F65-9BB5-44C77C71E5B2}"
EndProject
Project("{FAE04EC0-301F-11D3-BF4B-00C04F79EFBC}") = "PaymentAdapter", "PaymentAdapter\PaymentAdapter.csproj", "{33A58C31-757E-49E3-B595-3C1BDAAF4F5B}"
EndProject
Project("{FAE04EC0-301F-11D3-BF4B-00C04F79EFBC}") = "Decorator", "Decorator\Decorator.csproj", "{50EA8997-C3A1-48E6-BD51-3F5EA350ED5C}"
EndProject
Project("{FAE04EC0-301F-11D3-BF4B-00C04F79EFBC}") = "ChainOfResponsibility", "ChainOfResponsibility\ChainOfResponsibility.csproj", "{592D1A51-8260-4A58-8A2A-82E48BC5CA25}"
EndProject
Global
	GlobalSection(SolutionConfigurationPlatforms) = preSolution
		Debug|Any CPU = Debug|Any CPU
		Release|Any CPU = Release|Any CPU
	EndGlobalSection
	GlobalSection(ProjectConfigurationPlatforms) = postSolution
		{FDC859A6-C437-423D-9286-26E17DA01A68}.Debug|Any CPU.ActiveCfg = Debug|Any CPU
		{FDC859A6-C437-423D-9286-26E17DA01A68}.Debug|Any CPU.Build.0 = Debug|Any CPU
		{FDC859A6-C437-423D-9286-26E17DA01A68}.Release|Any CPU.ActiveCfg = Release|Any CPU
		{FDC859A6-C437-423D-9286-26E17DA01A68}.Release|Any CPU.Build.0 = Release|Any CPU
		{25B51C66-23A1-41B4-A040-65885E69DCB1}.Debug|Any CPU.ActiveCfg = Debug|Any CPU
		{25B51C66-23A1-41B4-A040-65885E69DCB1}.Debug|Any CPU.Build.0 = Debug|Any CPU
		{25B51C66-23A1-41B4-A040-65885E69DCB1}.Release|Any CPU.ActiveCfg = Release|Any CPU
		{25B51C66-23A1-41B4-A040-65885E69DCB1}.Release|Any CPU.Build.0 = Release|Any CPU
		{DA4BD967-49C2-4CED-9811-B5F2393929A2}.Debug|Any CPU.ActiveCfg = Debug|Any CPU
		{DA4BD967-49C2-4CED-9811-B5F2393929A2}.Debug|Any CPU.Build.0 = Debug|Any CPU
		{DA4BD967-49C2-4CED-9811-B5F2393929A2}.Release|Any CPU.ActiveCfg = Release|Any CPU
		{DA4BD967-49C2-4CED-9811-B5F2393929A2}.Release|Any CPU.Build.0 = Release|Any CPU
		{09FA1CAB-4D3B-40BD-90BF-EF52D4530ACD}.Debug|Any CPU.ActiveCfg = Debug|Any CPU
		{09FA1CAB-4D3B-40BD-90BF-EF52D4530ACD}.Debug|Any CPU.Build.0 = Debug|Any CPU
		{09FA1CAB-4D3B-40BD-90BF-EF52D4530ACD}.Release|Any CPU.ActiveCfg = Release|Any CPU
		{09FA1CAB-4D3B-40BD-90BF-EF52D4530ACD}.Release|Any CPU.Build.0 = Release|Any CPU
		{33A58C31-757E-49E3-B595-3C1BDAAF4F5B}.Debug|Any CPU.ActiveCfg = Debug|Any CPU
		{33A58C31-757E-49E3-B595-3C1BDAAF4F5B}.Debug|Any CPU.Build.0 = Debug|Any CPU
		{33A58C31-757E-49E3-B595-3C1BDAAF4F5B}.Release|Any CPU.ActiveCfg = Release|Any CPU
		{33A58C31-757E-49E3-B595-3C1BDAAF4F5B}.Release|Any CPU.Build.0 = Release|Any CPU
		{50EA8997-C3A1-48E6-BD51-3F5EA350ED5C}.Debug|Any CPU.ActiveCfg = Debug|Any CPU
		{50EA8997-C3A1-48E6-BD51-3F5EA350ED5C}.Debug|Any CPU.Build.0 = Debug|Any CPU
		{50EA8997-C3A1-48E6-BD51-3F5EA350ED5C}.Release|Any CPU.ActiveCfg = Release|Any CPU
		{50EA8997-C3A1-48E6-BD51-3F5EA350ED5C}.Release|Any CPU.Build.0 = Release|Any CPU
		{592D1A51-8260-4A58-8A2A-82E48BC5CA25}.Debug|Any CPU.ActiveCfg = Debug|Any CPU
		{592D1A51-8260-4A58-8A2A-82E48BC5CA25}.Debug|Any CPU.Build.0 = Debug|Any CPU
		{592D1A51-8260-4A58-8A2A-82E48BC5CA25}.Release|Any CPU.ActiveCfg = Release|Any CPU
		{592D1A51-8260-4A58-8A2A-82E48BC5CA25}.Release|Any CPU.Build.0 = Release|Any CPU
	EndGlobalSection
	GlobalSection(SolutionProperties) = preSolution
		HideSolutionNode = FALSE
	EndGlobalSection
	GlobalSection(NestedProjects) = preSolution
		{C76FDA1C-8182-4A45-9260-8E68C3547A62} = {02EA681E-C7D8-13C7-8484-4AC65E1B71E8}
		{578721CE-D608-429E-B050-21AA6F530F9E} = {02EA681E-C7D8-13C7-8484-4AC65E1B71E8}
		{A5AF5783-3B6F-4CA3-B781-E41DBB3F5782} = {02EA681E-C7D8-13C7-8484-4AC65E1B71E8}
		{30FEAE9F-4DB0-4759-BBEE-D6863F9625AE} = {02EA681E-C7D8-13C7-8484-4AC65E1B71E8}
		{5DCBB33E-EF1C-4E25-9FB1-E0107213F99D} = {02EA681E-C7D8-13C7-8484-4AC65E1B71E8}
		{FDC859A6-C437-423D-9286-26E17DA01A68} = {C76FDA1C-8182-4A45-9260-8E68C3547A62}
		{25B51C66-23A1-41B4-A040-65885E69DCB1} = {578721CE-D608-429E-B050-21AA6F530F9E}
		{E8970C15-8FC5-4EBF-A6A2-F07694A7C7C3} = {C6C6619C-70DB-4E71-A18E-913ADFAA5DEB}
		{DA4BD967-49C2-4CED-9811-B5F2393929A2} = {E8970C15-8FC5-4EBF-A6A2-F07694A7C7C3}
		{B081C8F4-235F-4DC8-AA64-C60FDE6F9687} = {C6C6619C-70DB-4E71-A18E-913ADFAA5DEB}
		{09FA1CAB-4D3B-40BD-90BF-EF52D4530ACD} = {B081C8F4-235F-4DC8-AA64-C60FDE6F9687}
		{D7E5B696-5CF7-4E70-9951-C5BC7AE5C3B2} = {C6C6619C-70DB-4E71-A18E-913ADFAA5DEB}
		{8E22CC22-8852-46CB-B5FB-7635C859F7AC} = {C6C6619C-70DB-4E71-A18E-913ADFAA5DEB}
		{053EF001-672F-4BD1-BED7-D220A74A73BF} = {A0C83847-9A0C-44B5-BE8B-5A901F032387}
		{DD50FA7F-CE0B-4D17-9B76-5F6358C01B24} = {A0C83847-9A0C-44B5-BE8B-5A901F032387}
		{E05CAC6D-F465-48B1-9954-EB6B6C09025A} = {A0C83847-9A0C-44B5-BE8B-5A901F032387}
		{86B5E1CE-1C66-4DD3-925C-FB4674F3D450} = {A0C83847-9A0C-44B5-BE8B-5A901F032387}
		{A029532E-2E82-4488-82E2-A429B7FEE702} = {A0C83847-9A0C-44B5-BE8B-5A901F032387}
		{0C0CFD26-B0E8-4F2B-B710-A7960CE17E1E} = {A0C83847-9A0C-44B5-BE8B-5A901F032387}
		{D95A1BD6-35FF-4F65-9BB5-44C77C71E5B2} = {A0C83847-9A0C-44B5-BE8B-5A901F032387}
		{33A58C31-757E-49E3-B595-3C1BDAAF4F5B} = {D7E5B696-5CF7-4E70-9951-C5BC7AE5C3B2}
		{50EA8997-C3A1-48E6-BD51-3F5EA350ED5C} = {8E22CC22-8852-46CB-B5FB-7635C859F7AC}
		{592D1A51-8260-4A58-8A2A-82E48BC5CA25} = {053EF001-672F-4BD1-BED7-D220A74A73BF}
	EndGlobalSection
	GlobalSection(ExtensibilityGlobals) = postSolution
		SolutionGuid = {3B72CE24-F43C-42BF-A976-FA4B19E4DBDF}
	EndGlobalSection
EndGlobal
