
Microsoft Visual Studio Solution File, Format Version 12.00
# Visual Studio Version 17
VisualStudioVersion = 17.0.31903.59
MinimumVisualStudioVersion = 10.0.40219.1
Project("{2150E333-8FDC-42A3-9474-1A3956D46DE8}") = "1.Creational", "1.Creational", "{C4353490-7E37-ACEC-6DA8-378C39AABD81}"
EndProject
Project("{2150E333-8FDC-42A3-9474-1A3956D46DE8}") = "1.Singleton", "1.Singleton", "{EB0D9FC1-E328-3725-38AE-4268E16FFF50}"
EndProject
Project("{FAE04EC0-301F-11D3-BF4B-00C04F79EFBC}") = "1.SimpleSingleton", "1.Creational\1.Singleton\1.SimpleSingleton\1.SimpleSingleton.csproj", "{C96F44DC-A00D-4ED5-9B62-3EC3A95F33CF}"
EndProject
Project("{FAE04EC0-301F-11D3-BF4B-00C04F79EFBC}") = "2.ThreadSafeSingleton", "1.Creational\1.Singleton\2.ThreadSafeSingleton\2.ThreadSafeSingleton.csproj", "{6C5B780B-5651-4FD4-947A-A37EAE00B307}"
EndProject
Project("{FAE04EC0-301F-11D3-BF4B-00C04F79EFBC}") = "3.SingletonInheritanceProblem", "1.Creational\1.Singleton\3.SingletonInheritanceProblem\3.SingletonInheritanceProblem.csproj", "{0136C7D2-3C48-420F-8544-1B4F360DF8F2}"
EndProject
Project("{FAE04EC0-301F-11D3-BF4B-00C04F79EFBC}") = "4.SingletonInheritanceSolved", "1.Creational\1.Singleton\4.SingletonInheritanceSolved\4.SingletonInheritanceSolved.csproj", "{7985CCAC-AB6D-43AD-A8C4-86DF5B7C4893}"
EndProject
Project("{FAE04EC0-301F-11D3-BF4B-00C04F79EFBC}") = "5.SingletonCloningProblem", "1.Creational\1.Singleton\5.SingletonCloningProblem\5.SingletonCloningProblem.csproj", "{3F2DE9AB-F175-4461-9078-25A440CFEFB5}"
EndProject
Project("{FAE04EC0-301F-11D3-BF4B-00C04F79EFBC}") = "6.SingletonCloningSolved", "1.Creational\1.Singleton\6.SingletonCloningSolved\6.SingletonCloningSolved.csproj", "{DDC30E33-4586-49E1-883B-0B753A1A653E}"
EndProject
Project("{2150E333-8FDC-42A3-9474-1A3956D46DE8}") = "3.Behavorial", "3.Behavorial", "{24FE8AD6-52A5-FFD9-4C2D-7B5C4B78BABB}"
EndProject
Project("{2150E333-8FDC-42A3-9474-1A3956D46DE8}") = "1.ChainOfResponsibility", "1.ChainOfResponsibility", "{00BC4247-8ED2-0AEA-57EA-F7035E3E5302}"
EndProject
Project("{FAE04EC0-301F-11D3-BF4B-00C04F79EFBC}") = "1.ChainOfResponsibility", "3.Behavorial\1.ChainOfResponsibility\1.ChainOfResponsibility\1.ChainOfResponsibility.csproj", "{A4270994-736A-42AE-95E5-3DCAC1D753BE}"
EndProject
Global
	GlobalSection(SolutionConfigurationPlatforms) = preSolution
		Debug|Any CPU = Debug|Any CPU
		Debug|x64 = Debug|x64
		Debug|x86 = Debug|x86
		Release|Any CPU = Release|Any CPU
		Release|x64 = Release|x64
		Release|x86 = Release|x86
	EndGlobalSection
	GlobalSection(ProjectConfigurationPlatforms) = postSolution
		{C96F44DC-A00D-4ED5-9B62-3EC3A95F33CF}.Debug|Any CPU.ActiveCfg = Debug|Any CPU
		{C96F44DC-A00D-4ED5-9B62-3EC3A95F33CF}.Debug|Any CPU.Build.0 = Debug|Any CPU
		{C96F44DC-A00D-4ED5-9B62-3EC3A95F33CF}.Debug|x64.ActiveCfg = Debug|Any CPU
		{C96F44DC-A00D-4ED5-9B62-3EC3A95F33CF}.Debug|x64.Build.0 = Debug|Any CPU
		{C96F44DC-A00D-4ED5-9B62-3EC3A95F33CF}.Debug|x86.ActiveCfg = Debug|Any CPU
		{C96F44DC-A00D-4ED5-9B62-3EC3A95F33CF}.Debug|x86.Build.0 = Debug|Any CPU
		{C96F44DC-A00D-4ED5-9B62-3EC3A95F33CF}.Release|Any CPU.ActiveCfg = Release|Any CPU
		{C96F44DC-A00D-4ED5-9B62-3EC3A95F33CF}.Release|Any CPU.Build.0 = Release|Any CPU
		{C96F44DC-A00D-4ED5-9B62-3EC3A95F33CF}.Release|x64.ActiveCfg = Release|Any CPU
		{C96F44DC-A00D-4ED5-9B62-3EC3A95F33CF}.Release|x64.Build.0 = Release|Any CPU
		{C96F44DC-A00D-4ED5-9B62-3EC3A95F33CF}.Release|x86.ActiveCfg = Release|Any CPU
		{C96F44DC-A00D-4ED5-9B62-3EC3A95F33CF}.Release|x86.Build.0 = Release|Any CPU
		{6C5B780B-5651-4FD4-947A-A37EAE00B307}.Debug|Any CPU.ActiveCfg = Debug|Any CPU
		{6C5B780B-5651-4FD4-947A-A37EAE00B307}.Debug|Any CPU.Build.0 = Debug|Any CPU
		{6C5B780B-5651-4FD4-947A-A37EAE00B307}.Debug|x64.ActiveCfg = Debug|Any CPU
		{6C5B780B-5651-4FD4-947A-A37EAE00B307}.Debug|x64.Build.0 = Debug|Any CPU
		{6C5B780B-5651-4FD4-947A-A37EAE00B307}.Debug|x86.ActiveCfg = Debug|Any CPU
		{6C5B780B-5651-4FD4-947A-A37EAE00B307}.Debug|x86.Build.0 = Debug|Any CPU
		{6C5B780B-5651-4FD4-947A-A37EAE00B307}.Release|Any CPU.ActiveCfg = Release|Any CPU
		{6C5B780B-5651-4FD4-947A-A37EAE00B307}.Release|Any CPU.Build.0 = Release|Any CPU
		{6C5B780B-5651-4FD4-947A-A37EAE00B307}.Release|x64.ActiveCfg = Release|Any CPU
		{6C5B780B-5651-4FD4-947A-A37EAE00B307}.Release|x64.Build.0 = Release|Any CPU
		{6C5B780B-5651-4FD4-947A-A37EAE00B307}.Release|x86.ActiveCfg = Release|Any CPU
		{6C5B780B-5651-4FD4-947A-A37EAE00B307}.Release|x86.Build.0 = Release|Any CPU
		{0136C7D2-3C48-420F-8544-1B4F360DF8F2}.Debug|Any CPU.ActiveCfg = Debug|Any CPU
		{0136C7D2-3C48-420F-8544-1B4F360DF8F2}.Debug|Any CPU.Build.0 = Debug|Any CPU
		{0136C7D2-3C48-420F-8544-1B4F360DF8F2}.Debug|x64.ActiveCfg = Debug|Any CPU
		{0136C7D2-3C48-420F-8544-1B4F360DF8F2}.Debug|x64.Build.0 = Debug|Any CPU
		{0136C7D2-3C48-420F-8544-1B4F360DF8F2}.Debug|x86.ActiveCfg = Debug|Any CPU
		{0136C7D2-3C48-420F-8544-1B4F360DF8F2}.Debug|x86.Build.0 = Debug|Any CPU
		{0136C7D2-3C48-420F-8544-1B4F360DF8F2}.Release|Any CPU.ActiveCfg = Release|Any CPU
		{0136C7D2-3C48-420F-8544-1B4F360DF8F2}.Release|Any CPU.Build.0 = Release|Any CPU
		{0136C7D2-3C48-420F-8544-1B4F360DF8F2}.Release|x64.ActiveCfg = Release|Any CPU
		{0136C7D2-3C48-420F-8544-1B4F360DF8F2}.Release|x64.Build.0 = Release|Any CPU
		{0136C7D2-3C48-420F-8544-1B4F360DF8F2}.Release|x86.ActiveCfg = Release|Any CPU
		{0136C7D2-3C48-420F-8544-1B4F360DF8F2}.Release|x86.Build.0 = Release|Any CPU
		{7985CCAC-AB6D-43AD-A8C4-86DF5B7C4893}.Debug|Any CPU.ActiveCfg = Debug|Any CPU
		{7985CCAC-AB6D-43AD-A8C4-86DF5B7C4893}.Debug|Any CPU.Build.0 = Debug|Any CPU
		{7985CCAC-AB6D-43AD-A8C4-86DF5B7C4893}.Debug|x64.ActiveCfg = Debug|Any CPU
		{7985CCAC-AB6D-43AD-A8C4-86DF5B7C4893}.Debug|x64.Build.0 = Debug|Any CPU
		{7985CCAC-AB6D-43AD-A8C4-86DF5B7C4893}.Debug|x86.ActiveCfg = Debug|Any CPU
		{7985CCAC-AB6D-43AD-A8C4-86DF5B7C4893}.Debug|x86.Build.0 = Debug|Any CPU
		{7985CCAC-AB6D-43AD-A8C4-86DF5B7C4893}.Release|Any CPU.ActiveCfg = Release|Any CPU
		{7985CCAC-AB6D-43AD-A8C4-86DF5B7C4893}.Release|Any CPU.Build.0 = Release|Any CPU
		{7985CCAC-AB6D-43AD-A8C4-86DF5B7C4893}.Release|x64.ActiveCfg = Release|Any CPU
		{7985CCAC-AB6D-43AD-A8C4-86DF5B7C4893}.Release|x64.Build.0 = Release|Any CPU
		{7985CCAC-AB6D-43AD-A8C4-86DF5B7C4893}.Release|x86.ActiveCfg = Release|Any CPU
		{7985CCAC-AB6D-43AD-A8C4-86DF5B7C4893}.Release|x86.Build.0 = Release|Any CPU
		{3F2DE9AB-F175-4461-9078-25A440CFEFB5}.Debug|Any CPU.ActiveCfg = Debug|Any CPU
		{3F2DE9AB-F175-4461-9078-25A440CFEFB5}.Debug|Any CPU.Build.0 = Debug|Any CPU
		{3F2DE9AB-F175-4461-9078-25A440CFEFB5}.Debug|x64.ActiveCfg = Debug|Any CPU
		{3F2DE9AB-F175-4461-9078-25A440CFEFB5}.Debug|x64.Build.0 = Debug|Any CPU
		{3F2DE9AB-F175-4461-9078-25A440CFEFB5}.Debug|x86.ActiveCfg = Debug|Any CPU
		{3F2DE9AB-F175-4461-9078-25A440CFEFB5}.Debug|x86.Build.0 = Debug|Any CPU
		{3F2DE9AB-F175-4461-9078-25A440CFEFB5}.Release|Any CPU.ActiveCfg = Release|Any CPU
		{3F2DE9AB-F175-4461-9078-25A440CFEFB5}.Release|Any CPU.Build.0 = Release|Any CPU
		{3F2DE9AB-F175-4461-9078-25A440CFEFB5}.Release|x64.ActiveCfg = Release|Any CPU
		{3F2DE9AB-F175-4461-9078-25A440CFEFB5}.Release|x64.Build.0 = Release|Any CPU
		{3F2DE9AB-F175-4461-9078-25A440CFEFB5}.Release|x86.ActiveCfg = Release|Any CPU
		{3F2DE9AB-F175-4461-9078-25A440CFEFB5}.Release|x86.Build.0 = Release|Any CPU
		{DDC30E33-4586-49E1-883B-0B753A1A653E}.Debug|Any CPU.ActiveCfg = Debug|Any CPU
		{DDC30E33-4586-49E1-883B-0B753A1A653E}.Debug|Any CPU.Build.0 = Debug|Any CPU
		{DDC30E33-4586-49E1-883B-0B753A1A653E}.Debug|x64.ActiveCfg = Debug|Any CPU
		{DDC30E33-4586-49E1-883B-0B753A1A653E}.Debug|x64.Build.0 = Debug|Any CPU
		{DDC30E33-4586-49E1-883B-0B753A1A653E}.Debug|x86.ActiveCfg = Debug|Any CPU
		{DDC30E33-4586-49E1-883B-0B753A1A653E}.Debug|x86.Build.0 = Debug|Any CPU
		{DDC30E33-4586-49E1-883B-0B753A1A653E}.Release|Any CPU.ActiveCfg = Release|Any CPU
		{DDC30E33-4586-49E1-883B-0B753A1A653E}.Release|Any CPU.Build.0 = Release|Any CPU
		{DDC30E33-4586-49E1-883B-0B753A1A653E}.Release|x64.ActiveCfg = Release|Any CPU
		{DDC30E33-4586-49E1-883B-0B753A1A653E}.Release|x64.Build.0 = Release|Any CPU
		{DDC30E33-4586-49E1-883B-0B753A1A653E}.Release|x86.ActiveCfg = Release|Any CPU
		{DDC30E33-4586-49E1-883B-0B753A1A653E}.Release|x86.Build.0 = Release|Any CPU
		{A4270994-736A-42AE-95E5-3DCAC1D753BE}.Debug|Any CPU.ActiveCfg = Debug|Any CPU
		{A4270994-736A-42AE-95E5-3DCAC1D753BE}.Debug|Any CPU.Build.0 = Debug|Any CPU
		{A4270994-736A-42AE-95E5-3DCAC1D753BE}.Debug|x64.ActiveCfg = Debug|Any CPU
		{A4270994-736A-42AE-95E5-3DCAC1D753BE}.Debug|x64.Build.0 = Debug|Any CPU
		{A4270994-736A-42AE-95E5-3DCAC1D753BE}.Debug|x86.ActiveCfg = Debug|Any CPU
		{A4270994-736A-42AE-95E5-3DCAC1D753BE}.Debug|x86.Build.0 = Debug|Any CPU
		{A4270994-736A-42AE-95E5-3DCAC1D753BE}.Release|Any CPU.ActiveCfg = Release|Any CPU
		{A4270994-736A-42AE-95E5-3DCAC1D753BE}.Release|Any CPU.Build.0 = Release|Any CPU
		{A4270994-736A-42AE-95E5-3DCAC1D753BE}.Release|x64.ActiveCfg = Release|Any CPU
		{A4270994-736A-42AE-95E5-3DCAC1D753BE}.Release|x64.Build.0 = Release|Any CPU
		{A4270994-736A-42AE-95E5-3DCAC1D753BE}.Release|x86.ActiveCfg = Release|Any CPU
		{A4270994-736A-42AE-95E5-3DCAC1D753BE}.Release|x86.Build.0 = Release|Any CPU
	EndGlobalSection
	GlobalSection(SolutionProperties) = preSolution
		HideSolutionNode = FALSE
	EndGlobalSection
	GlobalSection(NestedProjects) = preSolution
		{EB0D9FC1-E328-3725-38AE-4268E16FFF50} = {C4353490-7E37-ACEC-6DA8-378C39AABD81}
		{C96F44DC-A00D-4ED5-9B62-3EC3A95F33CF} = {EB0D9FC1-E328-3725-38AE-4268E16FFF50}
		{6C5B780B-5651-4FD4-947A-A37EAE00B307} = {EB0D9FC1-E328-3725-38AE-4268E16FFF50}
		{0136C7D2-3C48-420F-8544-1B4F360DF8F2} = {EB0D9FC1-E328-3725-38AE-4268E16FFF50}
		{7985CCAC-AB6D-43AD-A8C4-86DF5B7C4893} = {EB0D9FC1-E328-3725-38AE-4268E16FFF50}
		{3F2DE9AB-F175-4461-9078-25A440CFEFB5} = {EB0D9FC1-E328-3725-38AE-4268E16FFF50}
		{DDC30E33-4586-49E1-883B-0B753A1A653E} = {EB0D9FC1-E328-3725-38AE-4268E16FFF50}
		{00BC4247-8ED2-0AEA-57EA-F7035E3E5302} = {24FE8AD6-52A5-FFD9-4C2D-7B5C4B78BABB}
		{A4270994-736A-42AE-95E5-3DCAC1D753BE} = {00BC4247-8ED2-0AEA-57EA-F7035E3E5302}
	EndGlobalSection
EndGlobal
