
Microsoft Visual Studio Solution File, Format Version 12.00
# Visual Studio Version 17
VisualStudioVersion = 17.11.35312.102
MinimumVisualStudioVersion = 10.0.40219.1
Project("{9A19103F-16F7-4668-BE54-9A1E7A4F7556}") = "V1", "V1\V1.csproj", "{A605D644-82A8-483D-BC9F-ED983432D3D7}"
EndProject
Project("{9A19103F-16F7-4668-BE54-9A1E7A4F7556}") = "V2", "V2\V2.csproj", "{FF87EC6A-8D8A-4AF1-9F5D-DD123E1FB028}"
EndProject
Project("{9A19103F-16F7-4668-BE54-9A1E7A4F7556}") = "V3", "V3\V3.csproj", "{7BC9DAD9-C731-4EB2-BD91-59D4FBBDDC04}"
EndProject
Global
	GlobalSection(SolutionConfigurationPlatforms) = preSolution
		Debug|Any CPU = Debug|Any CPU
		Release|Any CPU = Release|Any CPU
	EndGlobalSection
	GlobalSection(ProjectConfigurationPlatforms) = postSolution
		{A605D644-82A8-483D-BC9F-ED983432D3D7}.Debug|Any CPU.ActiveCfg = Debug|Any CPU
		{A605D644-82A8-483D-BC9F-ED983432D3D7}.Debug|Any CPU.Build.0 = Debug|Any CPU
		{A605D644-82A8-483D-BC9F-ED983432D3D7}.Release|Any CPU.ActiveCfg = Release|Any CPU
		{A605D644-82A8-483D-BC9F-ED983432D3D7}.Release|Any CPU.Build.0 = Release|Any CPU
		{FF87EC6A-8D8A-4AF1-9F5D-DD123E1FB028}.Debug|Any CPU.ActiveCfg = Debug|Any CPU
		{FF87EC6A-8D8A-4AF1-9F5D-DD123E1FB028}.Debug|Any CPU.Build.0 = Debug|Any CPU
		{FF87EC6A-8D8A-4AF1-9F5D-DD123E1FB028}.Release|Any CPU.ActiveCfg = Release|Any CPU
		{FF87EC6A-8D8A-4AF1-9F5D-DD123E1FB028}.Release|Any CPU.Build.0 = Release|Any CPU
		{7BC9DAD9-C731-4EB2-BD91-59D4FBBDDC04}.Debug|Any CPU.ActiveCfg = Debug|Any CPU
		{7BC9DAD9-C731-4EB2-BD91-59D4FBBDDC04}.Debug|Any CPU.Build.0 = Debug|Any CPU
		{7BC9DAD9-C731-4EB2-BD91-59D4FBBDDC04}.Release|Any CPU.ActiveCfg = Release|Any CPU
		{7BC9DAD9-C731-4EB2-BD91-59D4FBBDDC04}.Release|Any CPU.Build.0 = Release|Any CPU
	EndGlobalSection
	GlobalSection(SolutionProperties) = preSolution
		HideSolutionNode = FALSE
	EndGlobalSection
	GlobalSection(ExtensibilityGlobals) = postSolution
		SolutionGuid = {12339A8B-FE36-428B-9B0E-109F7B285365}
	EndGlobalSection
EndGlobal
