
Microsoft Visual Studio Solution File, Format Version 12.00
# Visual Studio Version 17
VisualStudioVersion = 17.0.31903.59
MinimumVisualStudioVersion = 10.0.40219.1
Project("{FAE04EC0-301F-11D3-BF4B-00C04F79EFBC}") = "Observer.V1", "Observer.V1\Observer.V1.csproj", "{1CD036F6-83F2-4955-BB4F-0B95EC97E7B8}"
EndProject
Project("{FAE04EC0-301F-11D3-BF4B-00C04F79EFBC}") = "Observer.V2", "Observer.V2\Observer.V2.csproj", "{1356AC13-44F5-4FDB-B2D6-871D051E6CA5}"
EndProject
Global
	GlobalSection(SolutionConfigurationPlatforms) = preSolution
		Debug|Any CPU = Debug|Any CPU
		Release|Any CPU = Release|Any CPU
	EndGlobalSection
	GlobalSection(SolutionProperties) = preSolution
		HideSolutionNode = FALSE
	EndGlobalSection
	GlobalSection(ProjectConfigurationPlatforms) = postSolution
		{1CD036F6-83F2-4955-BB4F-0B95EC97E7B8}.Debug|Any CPU.ActiveCfg = Debug|Any CPU
		{1CD036F6-83F2-4955-BB4F-0B95EC97E7B8}.Debug|Any CPU.Build.0 = Debug|Any CPU
		{1CD036F6-83F2-4955-BB4F-0B95EC97E7B8}.Release|Any CPU.ActiveCfg = Release|Any CPU
		{1CD036F6-83F2-4955-BB4F-0B95EC97E7B8}.Release|Any CPU.Build.0 = Release|Any CPU
		{1356AC13-44F5-4FDB-B2D6-871D051E6CA5}.Debug|Any CPU.ActiveCfg = Debug|Any CPU
		{1356AC13-44F5-4FDB-B2D6-871D051E6CA5}.Debug|Any CPU.Build.0 = Debug|Any CPU
		{1356AC13-44F5-4FDB-B2D6-871D051E6CA5}.Release|Any CPU.ActiveCfg = Release|Any CPU
		{1356AC13-44F5-4FDB-B2D6-871D051E6CA5}.Release|Any CPU.Build.0 = Release|Any CPU
	EndGlobalSection
EndGlobal
