
Microsoft Visual Studio Solution File, Format Version 12.00
# Visual Studio Version 17
VisualStudioVersion = 17.0.31903.59
MinimumVisualStudioVersion = 10.0.40219.1
Project("{FAE04EC0-301F-11D3-BF4B-00C04F79EFBC}") = "Iterator.V1", "Iterator.V1\Iterator.V1.csproj", "{45F23F94-108E-4A53-B9C7-53A0906D5380}"
EndProject
Project("{FAE04EC0-301F-11D3-BF4B-00C04F79EFBC}") = "Iterator.V2", "Iterator.V2\Iterator.V2.csproj", "{55CCA6DC-FCEC-485E-9B69-568ED5CDFCD9}"
EndProject
Global
	GlobalSection(SolutionConfigurationPlatforms) = preSolution
		Debug|Any CPU = Debug|Any CPU
		Release|Any CPU = Release|Any CPU
	EndGlobalSection
	GlobalSection(SolutionProperties) = preSolution
		HideSolutionNode = FALSE
	EndGlobalSection
	GlobalSection(ProjectConfigurationPlatforms) = postSolution
		{45F23F94-108E-4A53-B9C7-53A0906D5380}.Debug|Any CPU.ActiveCfg = Debug|Any CPU
		{45F23F94-108E-4A53-B9C7-53A0906D5380}.Debug|Any CPU.Build.0 = Debug|Any CPU
		{45F23F94-108E-4A53-B9C7-53A0906D5380}.Release|Any CPU.ActiveCfg = Release|Any CPU
		{45F23F94-108E-4A53-B9C7-53A0906D5380}.Release|Any CPU.Build.0 = Release|Any CPU
		{55CCA6DC-FCEC-485E-9B69-568ED5CDFCD9}.Debug|Any CPU.ActiveCfg = Debug|Any CPU
		{55CCA6DC-FCEC-485E-9B69-568ED5CDFCD9}.Debug|Any CPU.Build.0 = Debug|Any CPU
		{55CCA6DC-FCEC-485E-9B69-568ED5CDFCD9}.Release|Any CPU.ActiveCfg = Release|Any CPU
		{55CCA6DC-FCEC-485E-9B69-568ED5CDFCD9}.Release|Any CPU.Build.0 = Release|Any CPU
	EndGlobalSection
EndGlobal
